
Microsoft Visual Studio Solution File, Format Version 12.00
# Visual Studio Version 17
VisualStudioVersion = 17.5.33530.505
MinimumVisualStudioVersion = 10.0.40219.1
Project("{FAE04EC0-301F-11D3-BF4B-00C04F79EFBC}") = "EstouLimpoApp", "EstouLimpoApp\EstouLimpoApp.csproj", "{1EC1A22C-9F98-4C33-969D-8E908AAB5C51}"
EndProject
Global
	GlobalSection(SolutionConfigurationPlatforms) = preSolution
		Debug|Any CPU = Debug|Any CPU
		Release|Any CPU = Release|Any CPU
	EndGlobalSection
	GlobalSection(ProjectConfigurationPlatforms) = postSolution
		{1EC1A22C-9F98-4C33-969D-8E908AAB5C51}.Debug|Any CPU.ActiveCfg = Debug|Any CPU
		{1EC1A22C-9F98-4C33-969D-8E908AAB5C51}.Debug|Any CPU.Build.0 = Debug|Any CPU
		{1EC1A22C-9F98-4C33-969D-8E908AAB5C51}.Release|Any CPU.ActiveCfg = Release|Any CPU
		{1EC1A22C-9F98-4C33-969D-8E908AAB5C51}.Release|Any CPU.Build.0 = Release|Any CPU
	EndGlobalSection
	GlobalSection(SolutionProperties) = preSolution
		HideSolutionNode = FALSE
	EndGlobalSection
	GlobalSection(ExtensibilityGlobals) = postSolution
		SolutionGuid = {97D65DF4-4C20-4431-8DE4-A6C32FE83830}
	EndGlobalSection
EndGlobal
